{
  "name": "connect-flash-now",
  "version": "0.1.0",
  "lockfileVersion": 3,
  "requires": true,
  "packages": {
    "": {
      "name": "connect-flash-now",
      "version": "0.1.0",
      "license": "MIT",
      "devDependencies": {},
      "engines": {
        "node": ">= 0.4.0"
      }
    }
  }
}
